// !$*UTF8*$!
{
	archiveVersion = 1;
	classes = {
	};
	objectVersion = 46;
	objects = {

/* Begin PBXBuildFile section */
		F1B8414D1AA779D900C80ECD /* main.m in Sources */ = {isa = PBXBuildFile; fileRef = F1B8414C1AA779D900C80ECD /* main.m */; };
		F1B841501AA779D900C80ECD /* AppDelegate.m in Sources */ = {isa = PBXBuildFile; fileRef = F1B8414F1AA779D900C80ECD /* AppDelegate.m */; };
		F1B841531AA779D900C80ECD /* ViewController.m in Sources */ = {isa = PBXBuildFile; fileRef = F1B841521AA779D900C80ECD /* ViewController.m */; };
		F1B841561AA779D900C80ECD /* Main.storyboard in Resources */ = {isa = PBXBuildFile; fileRef = F1B841541AA779D900C80ECD /* Main.storyboard */; };
		F1B841581AA779D900C80ECD /* Images.xcassets in Resources */ = {isa = PBXBuildFile; fileRef = F1B841571AA779D900C80ECD /* Images.xcassets */; };
		F1B8415B1AA779D900C80ECD /* LaunchScreen.xib in Resources */ = {isa = PBXBuildFile; fileRef = F1B841591AA779D900C80ECD /* LaunchScreen.xib */; };
		F1B841671AA779D900C80ECD /* CocoaPodTutorialTests.m in Sources */ = {isa = PBXBuildFile; fileRef = F1B841661AA779D900C80ECD /* CocoaPodTutorialTests.m */; };
		F1B841721AA77A7B00C80ECD /* Person.m in Sources */ = {isa = PBXBuildFile; fileRef = F1B841711AA77A7B00C80ECD /* Person.m */; };
/* End PBXBuildFile section */

/* Begin PBXContainerItemProxy section */
		F1B841611AA779D900C80ECD /* PBXContainerItemProxy */ = {
			isa = PBXContainerItemProxy;
			containerPortal = F1B8413F1AA779D900C80ECD /* Project object */;
			proxyType = 1;
			remoteGlobalIDString = F1B841461AA779D900C80ECD;
			remoteInfo = CocoaPodTutorial;
		};
/* End PBXContainerItemProxy section */

/* Begin PBXFileReference section */
		F1B841471AA779D900C80ECD /* CocoaPodTutorial.app */ = {isa = PBXFileReference; explicitFileType = wrapper.application; includeInIndex = 0; path = CocoaPodTutorial.app; sourceTree = BUILT_PRODUCTS_DIR; };
		F1B8414B1AA779D900C80ECD /* Info.plist */ = {isa = PBXFileReference; lastKnownFileType = text.plist.xml; path = Info.plist; sourceTree = "<group>"; };
		F1B8414C1AA779D900C80ECD /* main.m */ = {isa = PBXFileReference; lastKnownFileType = sourcecode.c.objc; path = main.m; sourceTree = "<group>"; };
		F1B8414E1AA779D900C80ECD /* AppDelegate.h */ = {isa = PBXFileReference; lastKnownFileType = sourcecode.c.h; path = AppDelegate.h; sourceTree = "<group>"; };
		F1B8414F1AA779D900C80ECD /* AppDelegate.m */ = {isa = PBXFileReference; lastKnownFileType = sourcecode.c.objc; path = AppDelegate.m; sourceTree = "<group>"; };
		F1B841511AA779D900C80ECD /* ViewController.h */ = {isa = PBXFileReference; lastKnownFileType = sourcecode.c.h; path = ViewController.h; sourceTree = "<group>"; };
		F1B841521AA779D900C80ECD /* ViewController.m */ = {isa = PBXFileReference; lastKnownFileType = sourcecode.c.objc; path = ViewController.m; sourceTree = "<group>"; };
		F1B841551AA779D900C80ECD /* Base */ = {isa = PBXFileReference; lastKnownFileType = file.storyboard; name = Base; path = Base.lproj/Main.storyboard; sourceTree = "<group>"; };
		F1B841571AA779D900C80ECD /* Images.xcassets */ = {isa = PBXFileReference; lastKnownFileType = folder.assetcatalog; path = Images.xcassets; sourceTree = "<group>"; };
		F1B8415A1AA779D900C80ECD /* Base */ = {isa = PBXFileReference; lastKnownFileType = file.xib; name = Base; path = Base.lproj/LaunchScreen.xib; sourceTree = "<group>"; };
		F1B841601AA779D900C80ECD /* CocoaPodTutorialTests.xctest */ = {isa = PBXFileReference; explicitFileType = wrapper.cfbundle; includeInIndex = 0; path = CocoaPodTutorialTests.xctest; sourceTree = BUILT_PRODUCTS_DIR; };
		F1B841651AA779D900C80ECD /* Info.plist */ = {isa = PBXFileReference; lastKnownFileType = text.plist.xml; path = Info.plist; sourceTree = "<group>"; };
		F1B841661AA779D900C80ECD /* CocoaPodTutorialTests.m */ = {isa = PBXFileReference; lastKnownFileType = sourcecode.c.objc; path = CocoaPodTutorialTests.m; sourceTree = "<group>"; };
		F1B841701AA77A7B00C80ECD /* Person.h */ = {isa = PBXFileReference; fileEncoding = 4; lastKnownFileType = sourcecode.c.h; path = Person.h; sourceTree = "<group>"; };
		F1B841711AA77A7B00C80ECD /* Person.m */ = {isa = PBXFileReference; fileEncoding = 4; lastKnownFileType = sourcecode.c.objc; path = Person.m; sourceTree = "<group>"; };
/* End PBXFileReference section */

/* Begin PBXFrameworksBuildPhase section */
		F1B841441AA779D900C80ECD /* Frameworks */ = {
			isa = PBXFrameworksBuildPhase;
			buildActionMask = 2147483647;
			files = (
			);
			runOnlyForDeploymentPostprocessing = 0;
		};
		F1B8415D1AA779D900C80ECD /* Frameworks */ = {
			isa = PBXFrameworksBuildPhase;
			buildActionMask = 2147483647;
			files = (
			);
			runOnlyForDeploymentPostprocessing = 0;
		};
/* End PBXFrameworksBuildPhase section */

/* Begin PBXGroup section */
		F1B8413E1AA779D900C80ECD = {
			isa = PBXGroup;
			children = (
				F1B841491AA779D900C80ECD /* CocoaPodTutorial */,
				F1B841631AA779D900C80ECD /* CocoaPodTutorialTests */,
				F1B841481AA779D900C80ECD /* Products */,
			);
			sourceTree = "<group>";
		};
		F1B841481AA779D900C80ECD /* Products */ = {
			isa = PBXGroup;
			children = (
				F1B841471AA779D900C80ECD /* CocoaPodTutorial.app */,
				F1B841601AA779D900C80ECD /* CocoaPodTutorialTests.xctest */,
			);
			name = Products;
			sourceTree = "<group>";
		};
		F1B841491AA779D900C80ECD /* CocoaPodTutorial */ = {
			isa = PBXGroup;
			children = (
				F1B8414E1AA779D900C80ECD /* AppDelegate.h */,
				F1B8414F1AA779D900C80ECD /* AppDelegate.m */,
				F1B841511AA779D900C80ECD /* ViewController.h */,
				F1B841521AA779D900C80ECD /* ViewController.m */,
				F1B841541AA779D900C80ECD /* Main.storyboard */,
				F1B841571AA779D900C80ECD /* Images.xcassets */,
				F1B841591AA779D900C80ECD /* LaunchScreen.xib */,
				F1B8414A1AA779D900C80ECD /* Supporting Files */,
				F1B841701AA77A7B00C80ECD /* Person.h */,
				F1B841711AA77A7B00C80ECD /* Person.m */,
			);
			path = CocoaPodTutorial;
			sourceTree = "<group>";
		};
		F1B8414A1AA779D900C80ECD /* Supporting Files */ = {
			isa = PBXGroup;
			children = (
				F1B8414B1AA779D900C80ECD /* Info.plist */,
				F1B8414C1AA779D900C80ECD /* main.m */,
			);
			name = "Supporting Files";
			sourceTree = "<group>";
		};
		F1B841631AA779D900C80ECD /* CocoaPodTutorialTests */ = {
			isa = PBXGroup;
			children = (
				F1B841661AA779D900C80ECD /* CocoaPodTutorialTests.m */,
				F1B841641AA779D900C80ECD /* Supporting Files */,
			);
			path = CocoaPodTutorialTests;
			sourceTree = "<group>";
		};
		F1B841641AA779D900C80ECD /* Supporting Files */ = {
			isa = PBXGroup;
			children = (
				F1B841651AA779D900C80ECD /* Info.plist */,
			);
			name = "Supporting Files";
			sourceTree = "<group>";
		};
/* End PBXGroup section */

/* Begin PBXNativeTarget section */
		F1B841461AA779D900C80ECD /* CocoaPodTutorial */ = {
			isa = PBXNativeTarget;
			buildConfigurationList = F1B8416A1AA779D900C80ECD /* Build configuration list for PBXNativeTarget "CocoaPodTutorial" */;
			buildPhases = (
				F1B841431AA779D900C80ECD /* Sources */,
				F1B841441AA779D900C80ECD /* Frameworks */,
				F1B841451AA779D900C80ECD /* Resources */,
			);
			buildRules = (
			);
			dependencies = (
			);
			name = CocoaPodTutorial;
			productName = CocoaPodTutorial;
			productReference = F1B841471AA779D900C80ECD /* CocoaPodTutorial.app */;
			productType = "com.apple.product-type.application";
		};
		F1B8415F1AA779D900C80ECD /* CocoaPodTutorialTests */ = {
			isa = PBXNativeTarget;
			buildConfigurationList = F1B8416D1AA779D900C80ECD /* Build configuration list for PBXNativeTarget "CocoaPodTutorialTests" */;
			buildPhases = (
				F1B8415C1AA779D900C80ECD /* Sources */,
				F1B8415D1AA779D900C80ECD /* Frameworks */,
				F1B8415E1AA779D900C80ECD /* Resources */,
			);
			buildRules = (
			);
			dependencies = (
				F1B841621AA779D900C80ECD /* PBXTargetDependency */,
			);
			name = CocoaPodTutorialTests;
			productName = CocoaPodTutorialTests;
			productReference = F1B841601AA779D900C80ECD /* CocoaPodTutorialTests.xctest */;
			productType = "com.apple.product-type.bundle.unit-test";
		};
/* End PBXNativeTarget section */

/* Begin PBXProject section */
		F1B8413F1AA779D900C80ECD /* Project object */ = {
			isa = PBXProject;
			attributes = {
				LastUpgradeCheck = 0610;
				ORGANIZATIONNAME = Vanadis;
				TargetAttributes = {
					F1B841461AA779D900C80ECD = {
						CreatedOnToolsVersion = 6.1.1;
					};
					F1B8415F1AA779D900C80ECD = {
						CreatedOnToolsVersion = 6.1.1;
						TestTargetID = F1B841461AA779D900C80ECD;
					};
				};
			};
			buildConfigurationList = F1B841421AA779D900C80ECD /* Build configuration list for PBXProject "CocoaPodTutorial" */;
			compatibilityVersion = "Xcode 3.2";
			developmentRegion = English;
			hasScannedForEncodings = 0;
			knownRegions = (
				en,
				Base,
			);
			mainGroup = F1B8413E1AA779D900C80ECD;
			productRefGroup = F1B841481AA779D900C80ECD /* Products */;
			projectDirPath = "";
			projectRoot = "";
			targets = (
				F1B841461AA779D900C80ECD /* CocoaPodTutorial */,
				F1B8415F1AA779D900C80ECD /* CocoaPodTutorialTests */,
			);
		};
/* End PBXProject section */

/* Begin PBXResourcesBuildPhase section */
		F1B841451AA779D900C80ECD /* Resources */ = {
			isa = PBXResourcesBuildPhase;
			buildActionMask = 2147483647;
			files = (
				F1B841561AA779D900C80ECD /* Main.storyboard in Resources */,
				F1B8415B1AA779D900C80ECD /* LaunchScreen.xib in Resources */,
				F1B841581AA779D900C80ECD /* Images.xcassets in Resources */,
			);
			runOnlyForDeploymentPostprocessing = 0;
		};
		F1B8415E1AA779D900C80ECD /* Resources */ = {
			isa = PBXResourcesBuildPhase;
			buildActionMask = 2147483647;
			files = (
			);
			runOnlyForDeploymentPostprocessing = 0;
		};
/* End PBXResourcesBuildPhase section */

/* Begin PBXSourcesBuildPhase section */
		F1B841431AA779D900C80ECD /* Sources */ = {
			isa = PBXSourcesBuildPhase;
			buildActionMask = 2147483647;
			files = (
				F1B841531AA779D900C80ECD /* ViewController.m in Sources */,
				F1B841501AA779D900C80ECD /* AppDelegate.m in Sources */,
				F1B841721AA77A7B00C80ECD /* Person.m in Sources */,
				F1B8414D1AA779D900C80ECD /* main.m in Sources */,
			);
			runOnlyForDeploymentPostprocessing = 0;
		};
		F1B8415C1AA779D900C80ECD /* Sources */ = {
			isa = PBXSourcesBuildPhase;
			buildActionMask = 2147483647;
			files = (
				F1B841671AA779D900C80ECD /* CocoaPodTutorialTests.m in Sources */,
			);
			runOnlyForDeploymentPostprocessing = 0;
		};
/* End PBXSourcesBuildPhase section */

/* Begin PBXTargetDependency section */
		F1B841621AA779D900C80ECD /* PBXTargetDependency */ = {
			isa = PBXTargetDependency;
			target = F1B841461AA779D900C80ECD /* CocoaPodTutorial */;
			targetProxy = F1B841611AA779D900C80ECD /* PBXContainerItemProxy */;
		};
/* End PBXTargetDependency section */

/* Begin PBXVariantGroup section */
		F1B841541AA779D900C80ECD /* Main.storyboard */ = {
			isa = PBXVariantGroup;
			children = (
				F1B841551AA779D900C80ECD /* Base */,
			);
			name = Main.storyboard;
			sourceTree = "<group>";
		};
		F1B841591AA779D900C80ECD /* LaunchScreen.xib */ = {
			isa = PBXVariantGroup;
			children = (
				F1B8415A1AA779D900C80ECD /* Base */,
			);
			name = LaunchScreen.xib;
			sourceTree = "<group>";
		};
/* End PBXVariantGroup section */

/* Begin XCBuildConfiguration section */
		F1B841681AA779D900C80ECD /* Debug */ = {
			isa = XCBuildConfiguration;
			buildSettings = {
				ALWAYS_SEARCH_USER_PATHS = NO;
				CLANG_CXX_LANGUAGE_STANDARD = "gnu++0x";
				CLANG_CXX_LIBRARY = "libc++";
				CLANG_ENABLE_MODULES = YES;
				CLANG_ENABLE_OBJC_ARC = YES;
				CLANG_WARN_BOOL_CONVERSION = YES;
				CLANG_WARN_CONSTANT_CONVERSION = YES;
				CLANG_WARN_DIRECT_OBJC_ISA_USAGE = YES_ERROR;
				CLANG_WARN_EMPTY_BODY = YES;
				CLANG_WARN_ENUM_CONVERSION = YES;
				CLANG_WARN_INT_CONVERSION = YES;
				CLANG_WARN_OBJC_ROOT_CLASS = YES_ERROR;
				CLANG_WARN_UNREACHABLE_CODE = YES;
				CLANG_WARN__DUPLICATE_METHOD_MATCH = YES;
				"CODE_SIGN_IDENTITY[sdk=iphoneos*]" = "iPhone Developer";
				COPY_PHASE_STRIP = NO;
				ENABLE_STRICT_OBJC_MSGSEND = YES;
				GCC_C_LANGUAGE_STANDARD = gnu99;
				GCC_DYNAMIC_NO_PIC = NO;
				GCC_OPTIMIZATION_LEVEL = 0;
				GCC_PREPROCESSOR_DEFINITIONS = (
					"DEBUG=1",
					"$(inherited)",
				);
				GCC_SYMBOLS_PRIVATE_EXTERN = NO;
				GCC_WARN_64_TO_32_BIT_CONVERSION = YES;
				GCC_WARN_ABOUT_RETURN_TYPE = YES_ERROR;
				GCC_WARN_UNDECLARED_SELECTOR = YES;
				GCC_WARN_UNINITIALIZED_AUTOS = YES_AGGRESSIVE;
				GCC_WARN_UNUSED_FUNCTION = YES;
				GCC_WARN_UNUSED_VARIABLE = YES;
				IPHONEOS_DEPLOYMENT_TARGET = 8.1;
				MTL_ENABLE_DEBUG_INFO = YES;
				ONLY_ACTIVE_ARCH = YES;
				SDKROOT = iphoneos;
				TARGETED_DEVICE_FAMILY = "1,2";
			};
			name = Debug;
		};
		F1B841691AA779D900C80ECD /* Release */ = {
			isa = XCBuildConfiguration;
			buildSettings = {
				ALWAYS_SEARCH_USER_PATHS = NO;
				CLANG_CXX_LANGUAGE_STANDARD = "gnu++0x";
				CLANG_CXX_LIBRARY = "libc++";
				CLANG_ENABLE_MODULES = YES;
				CLANG_ENABLE_OBJC_ARC = YES;
				CLANG_WARN_BOOL_CONVERSION = YES;
				CLANG_WARN_CONSTANT_CONVERSION = YES;
				CLANG_WARN_DIRECT_OBJC_ISA_USAGE = YES_ERROR;
				CLANG_WARN_EMPTY_BODY = YES;
				CLANG_WARN_ENUM_CONVERSION = YES;
				CLANG_WARN_INT_CONVERSION = YES;
				CLANG_WARN_OBJC_ROOT_CLASS = YES_ERROR;
				CLANG_WARN_UNREACHABLE_CODE = YES;
				CLANG_WARN__DUPLICATE_METHOD_MATCH = YES;
				"CODE_SIGN_IDENTITY[sdk=iphoneos*]" = "iPhone Developer";
				COPY_PHASE_STRIP = YES;
				ENABLE_NS_ASSERTIONS = NO;
				ENABLE_STRICT_OBJC_MSGSEND = YES;
				GCC_C_LANGUAGE_STANDARD = gnu99;
				GCC_WARN_64_TO_32_BIT_CONVERSION = YES;
				GCC_WARN_ABOUT_RETURN_TYPE = YES_ERROR;
				GCC_WARN_UNDECLARED_SELECTOR = YES;
				GCC_WARN_UNINITIALIZED_AUTOS = YES_AGGRESSIVE;
				GCC_WARN_UNUSED_FUNCTION = YES;
				GCC_WARN_UNUSED_VARIABLE = YES;
				IPHONEOS_DEPLOYMENT_TARGET = 8.1;
				MTL_ENABLE_DEBUG_INFO = NO;
				SDKROOT = iphoneos;
				TARGETED_DEVICE_FAMILY = "1,2";
				VALIDATE_PRODUCT = YES;
			};
			name = Release;
		};
		F1B8416B1AA779D900C80ECD /* Debug */ = {
			isa = XCBuildConfiguration;
			buildSettings = {
				ASSETCATALOG_COMPILER_APPICON_NAME = AppIcon;
				INFOPLIST_FILE = CocoaPodTutorial/Info.plist;
				LD_RUNPATH_SEARCH_PATHS = "$(inherited) @executable_path/Frameworks";
				PRODUCT_NAME = "$(TARGET_NAME)";
			};
			name = Debug;
		};
		F1B8416C1AA779D900C80ECD /* Release */ = {
			isa = XCBuildConfiguration;
			buildSettings = {
				ASSETCATALOG_COMPILER_APPICON_NAME = AppIcon;
				INFOPLIST_FILE = CocoaPodTutorial/Info.plist;
				LD_RUNPATH_SEARCH_PATHS = "$(inherited) @executable_path/Frameworks";
				PRODUCT_NAME = "$(TARGET_NAME)";
			};
			name = Release;
		};
		F1B8416E1AA779D900C80ECD /* Debug */ = {
			isa = XCBuildConfiguration;
			buildSettings = {
				BUNDLE_LOADER = "$(TEST_HOST)";
				FRAMEWORK_SEARCH_PATHS = (
					"$(SDKROOT)/Developer/Library/Frameworks",
					"$(inherited)",
				);
				GCC_PREPROCESSOR_DEFINITIONS = (
					"DEBUG=1",
					"$(inherited)",
				);
				INFOPLIST_FILE = CocoaPodTutorialTests/Info.plist;
				LD_RUNPATH_SEARCH_PATHS = "$(inherited) @executable_path/Frameworks @loader_path/Frameworks";
				PRODUCT_NAME = "$(TARGET_NAME)";
				TEST_HOST = "$(BUILT_PRODUCTS_DIR)/CocoaPodTutorial.app/CocoaPodTutorial";
			};
			name = Debug;
		};
		F1B8416F1AA779D900C80ECD /* Release */ = {
			isa = XCBuildConfiguration;
			buildSettings = {
				BUNDLE_LOADER = "$(TEST_HOST)";
				FRAMEWORK_SEARCH_PATHS = (
					"$(SDKROOT)/Developer/Library/Frameworks",
					"$(inherited)",
				);
				INFOPLIST_FILE = CocoaPodTutorialTests/Info.plist;
				LD_RUNPATH_SEARCH_PATHS = "$(inherited) @executable_path/Frameworks @loader_path/Frameworks";
				PRODUCT_NAME = "$(TARGET_NAME)";
				TEST_HOST = "$(BUILT_PRODUCTS_DIR)/CocoaPodTutorial.app/CocoaPodTutorial";
			};
			name = Release;
		};
/* End XCBuildConfiguration section */

/* Begin XCConfigurationList section */
		F1B841421AA779D900C80ECD /* Build configuration list for PBXProject "CocoaPodTutorial" */ = {
			isa = XCConfigurationList;
			buildConfigurations = (
				F1B841681AA779D900C80ECD /* Debug */,
				F1B841691AA779D900C80ECD /* Release */,
			);
			defaultConfigurationIsVisible = 0;
			defaultConfigurationName = Release;
		};
		F1B8416A1AA779D900C80ECD /* Build configuration list for PBXNativeTarget "CocoaPodTutorial" */ = {
			isa = XCConfigurationList;
			buildConfigurations = (
				F1B8416B1AA779D900C80ECD /* Debug */,
				F1B8416C1AA779D900C80ECD /* Release */,
			);
			defaultConfigurationIsVisible = 0;
		};
		F1B8416D1AA779D900C80ECD /* Build configuration list for PBXNativeTarget "CocoaPodTutorialTests" */ = {
			isa = XCConfigurationList;
			buildConfigurations = (
				F1B8416E1AA779D900C80ECD /* Debug */,
				F1B8416F1AA779D900C80ECD /* Release */,
			);
			defaultConfigurationIsVisible = 0;
		};
/* End XCConfigurationList section */
	};
	rootObject = F1B8413F1AA779D900C80ECD /* Project object */;
}
